
Microsoft Visual Studio Solution File, Format Version 12.00
# Visual Studio 15
VisualStudioVersion = 15.0.27004.2006
MinimumVisualStudioVersion = 10.0.40219.1
Project("{FAE04EC0-301F-11D3-BF4B-00C04F79EFBC}") = "LaCasaRural", "LaCasaRural\LaCasaRural.csproj", "{D68A8A5B-76BA-48C2-82BE-B8A62621456A}"
EndProject
Global
	GlobalSection(SolutionConfigurationPlatforms) = preSolution
		Debug|Any CPU = Debug|Any CPU
		Release|Any CPU = Release|Any CPU
	EndGlobalSection
	GlobalSection(ProjectConfigurationPlatforms) = postSolution
		{D68A8A5B-76BA-48C2-82BE-B8A62621456A}.Debug|Any CPU.ActiveCfg = Debug|Any CPU
		{D68A8A5B-76BA-48C2-82BE-B8A62621456A}.Debug|Any CPU.Build.0 = Debug|Any CPU
		{D68A8A5B-76BA-48C2-82BE-B8A62621456A}.Release|Any CPU.ActiveCfg = Release|Any CPU
		{D68A8A5B-76BA-48C2-82BE-B8A62621456A}.Release|Any CPU.Build.0 = Release|Any CPU
	EndGlobalSection
	GlobalSection(SolutionProperties) = preSolution
		HideSolutionNode = FALSE
	EndGlobalSection
	GlobalSection(ExtensibilityGlobals) = postSolution
		SolutionGuid = {B5362222-B68E-4A3C-8B67-8E14003A8293}
	EndGlobalSection
EndGlobal
